{
  "requires": true,
  "lockfileVersion": 1,
  "dependencies": {
    "dynamodb-alarms-plugin": {
      "version": "0.1.3",
      "resolved": "https://registry.npmjs.org/dynamodb-alarms-plugin/-/dynamodb-alarms-plugin-0.1.3.tgz",
      "integrity": "sha512-4NShnPCtJV4z164N1WUbVNyU7oKdxXuSQBgs3f9PuH5yMM1tkW8Hxj9LbD5v+1ePKNP90qn1CGJT737jYsKuhQ==",
      "requires": {
        "lodash": "^4.17.10"
      }
    },
    "lodash": {
      "version": "4.17.15",
      "resolved": "https://registry.npmjs.org/lodash/-/lodash-4.17.15.tgz",
      "integrity": "sha512-8xOcRHvCjnocdS5cpwXQXVzmmh5e5+saE2QGoeQmbKmRS6J3VQppPOIt0MnmE+4xlZoumy0GPG0D0MVIQbNA1A=="
    },
    "serverless-dynamodb-alarms-plugin": {
      "version": "0.1.5",
      "resolved": "https://registry.npmjs.org/serverless-dynamodb-alarms-plugin/-/serverless-dynamodb-alarms-plugin-0.1.5.tgz",
      "integrity": "sha512-KQ/tSxNK2TArS5gPVXex1AeIL4nq7+33lIKsNuYBxsSlS+tHfpvETR/Ruw6UxjsVbmz6WPAUXVgIcca6vmoSQw==",
      "requires": {
        "lodash": "^4.17.15"
      }
    }
  }
}
